
Microsoft Visual Studio Solution File, Format Version 12.00
# Visual Studio 15
VisualStudioVersion = 15.0.28307.572
MinimumVisualStudioVersion = 10.0.40219.1
Project("{9A19103F-16F7-4668-BE54-9A1E7A4F7556}") = "MoviesApp.Web", "MoviesApp.Web\MoviesApp.Web.csproj", "{8ABDC4AA-ED61-44D1-ACD5-E3D2D9645312}"
EndProject
Project("{2150E333-8FDC-42A3-9474-1A3956D46DE8}") = "Services", "Services", "{EEF3FCEE-C467-4C79-A8DC-A1939D90B008}"
EndProject
Project("{2150E333-8FDC-42A3-9474-1A3956D46DE8}") = "Data", "Data", "{B778F69F-A576-4EAC-B62E-4B3DB5B5B52D}"
EndProject
Project("{2150E333-8FDC-42A3-9474-1A3956D46DE8}") = "ViewModels", "ViewModels", "{0B7EC451-0C11-412B-B1B6-DA06704109FF}"
EndProject
Project("{9A19103F-16F7-4668-BE54-9A1E7A4F7556}") = "MoviesApp.Services.DataServices", "Services\MoviesApp.Services.DataServices\MoviesApp.Services.DataServices.csproj", "{6A4E1A36-0B64-4F3C-B412-A2B0B59ED45F}"
EndProject
Project("{9A19103F-16F7-4668-BE54-9A1E7A4F7556}") = "MoviesApp.Data", "Data\MoviesApp.Data\MoviesApp.Data.csproj", "{B7C72DCE-5E75-47CF-9F9B-1A8892F71B71}"
EndProject
Project("{9A19103F-16F7-4668-BE54-9A1E7A4F7556}") = "MoviesApp.Data.Models", "Data\MoviesApp.Data.Models\MoviesApp.Data.Models.csproj", "{FEF507BE-9406-4A1F-9BE3-321948BC5A6B}"
EndProject
Project("{9A19103F-16F7-4668-BE54-9A1E7A4F7556}") = "MoviesApp.Services.Seeders", "Services\MoviesApp.Services.Seeders\MoviesApp.Services.Seeders.csproj", "{1FAC0DAC-401C-439C-B320-C965E25BAB1F}"
EndProject
Project("{9A19103F-16F7-4668-BE54-9A1E7A4F7556}") = "MoviesApp.ViewModels", "ViewModels\MoviesApp.ViewModels\MoviesApp.ViewModels.csproj", "{9F06CCBC-31A1-4051-967F-DA962E8E88A8}"
EndProject
Project("{9A19103F-16F7-4668-BE54-9A1E7A4F7556}") = "MoviesApp.Services.Mapping", "Services\MoviesApp.Service.Mapping\MoviesApp.Services.Mapping.csproj", "{20BC30B5-95BB-4A5C-86F9-1F31A191344F}"
EndProject
Project("{2150E333-8FDC-42A3-9474-1A3956D46DE8}") = "Common", "Common", "{6B858175-8E2C-414F-9334-18CB80C880C3}"
EndProject
Project("{FAE04EC0-301F-11D3-BF4B-00C04F79EFBC}") = "MoviesApp.Common", "Contracts\MoviesApp.Contracts\MoviesApp.Common.csproj", "{08A80AE1-5BC7-45E3-AF91-E1DCB5C2DBA0}"
EndProject
Global
	GlobalSection(SolutionConfigurationPlatforms) = preSolution
		Debug|Any CPU = Debug|Any CPU
		Release|Any CPU = Release|Any CPU
	EndGlobalSection
	GlobalSection(ProjectConfigurationPlatforms) = postSolution
		{8ABDC4AA-ED61-44D1-ACD5-E3D2D9645312}.Debug|Any CPU.ActiveCfg = Debug|Any CPU
		{8ABDC4AA-ED61-44D1-ACD5-E3D2D9645312}.Debug|Any CPU.Build.0 = Debug|Any CPU
		{8ABDC4AA-ED61-44D1-ACD5-E3D2D9645312}.Release|Any CPU.ActiveCfg = Release|Any CPU
		{8ABDC4AA-ED61-44D1-ACD5-E3D2D9645312}.Release|Any CPU.Build.0 = Release|Any CPU
		{6A4E1A36-0B64-4F3C-B412-A2B0B59ED45F}.Debug|Any CPU.ActiveCfg = Debug|Any CPU
		{6A4E1A36-0B64-4F3C-B412-A2B0B59ED45F}.Debug|Any CPU.Build.0 = Debug|Any CPU
		{6A4E1A36-0B64-4F3C-B412-A2B0B59ED45F}.Release|Any CPU.ActiveCfg = Release|Any CPU
		{6A4E1A36-0B64-4F3C-B412-A2B0B59ED45F}.Release|Any CPU.Build.0 = Release|Any CPU
		{B7C72DCE-5E75-47CF-9F9B-1A8892F71B71}.Debug|Any CPU.ActiveCfg = Debug|Any CPU
		{B7C72DCE-5E75-47CF-9F9B-1A8892F71B71}.Debug|Any CPU.Build.0 = Debug|Any CPU
		{B7C72DCE-5E75-47CF-9F9B-1A8892F71B71}.Release|Any CPU.ActiveCfg = Release|Any CPU
		{B7C72DCE-5E75-47CF-9F9B-1A8892F71B71}.Release|Any CPU.Build.0 = Release|Any CPU
		{FEF507BE-9406-4A1F-9BE3-321948BC5A6B}.Debug|Any CPU.ActiveCfg = Debug|Any CPU
		{FEF507BE-9406-4A1F-9BE3-321948BC5A6B}.Debug|Any CPU.Build.0 = Debug|Any CPU
		{FEF507BE-9406-4A1F-9BE3-321948BC5A6B}.Release|Any CPU.ActiveCfg = Release|Any CPU
		{FEF507BE-9406-4A1F-9BE3-321948BC5A6B}.Release|Any CPU.Build.0 = Release|Any CPU
		{1FAC0DAC-401C-439C-B320-C965E25BAB1F}.Debug|Any CPU.ActiveCfg = Debug|Any CPU
		{1FAC0DAC-401C-439C-B320-C965E25BAB1F}.Debug|Any CPU.Build.0 = Debug|Any CPU
		{1FAC0DAC-401C-439C-B320-C965E25BAB1F}.Release|Any CPU.ActiveCfg = Release|Any CPU
		{1FAC0DAC-401C-439C-B320-C965E25BAB1F}.Release|Any CPU.Build.0 = Release|Any CPU
		{9F06CCBC-31A1-4051-967F-DA962E8E88A8}.Debug|Any CPU.ActiveCfg = Debug|Any CPU
		{9F06CCBC-31A1-4051-967F-DA962E8E88A8}.Debug|Any CPU.Build.0 = Debug|Any CPU
		{9F06CCBC-31A1-4051-967F-DA962E8E88A8}.Release|Any CPU.ActiveCfg = Release|Any CPU
		{9F06CCBC-31A1-4051-967F-DA962E8E88A8}.Release|Any CPU.Build.0 = Release|Any CPU
		{20BC30B5-95BB-4A5C-86F9-1F31A191344F}.Debug|Any CPU.ActiveCfg = Debug|Any CPU
		{20BC30B5-95BB-4A5C-86F9-1F31A191344F}.Debug|Any CPU.Build.0 = Debug|Any CPU
		{20BC30B5-95BB-4A5C-86F9-1F31A191344F}.Release|Any CPU.ActiveCfg = Release|Any CPU
		{20BC30B5-95BB-4A5C-86F9-1F31A191344F}.Release|Any CPU.Build.0 = Release|Any CPU
		{08A80AE1-5BC7-45E3-AF91-E1DCB5C2DBA0}.Debug|Any CPU.ActiveCfg = Debug|Any CPU
		{08A80AE1-5BC7-45E3-AF91-E1DCB5C2DBA0}.Debug|Any CPU.Build.0 = Debug|Any CPU
		{08A80AE1-5BC7-45E3-AF91-E1DCB5C2DBA0}.Release|Any CPU.ActiveCfg = Release|Any CPU
		{08A80AE1-5BC7-45E3-AF91-E1DCB5C2DBA0}.Release|Any CPU.Build.0 = Release|Any CPU
	EndGlobalSection
	GlobalSection(SolutionProperties) = preSolution
		HideSolutionNode = FALSE
	EndGlobalSection
	GlobalSection(NestedProjects) = preSolution
		{6A4E1A36-0B64-4F3C-B412-A2B0B59ED45F} = {EEF3FCEE-C467-4C79-A8DC-A1939D90B008}
		{B7C72DCE-5E75-47CF-9F9B-1A8892F71B71} = {B778F69F-A576-4EAC-B62E-4B3DB5B5B52D}
		{FEF507BE-9406-4A1F-9BE3-321948BC5A6B} = {B778F69F-A576-4EAC-B62E-4B3DB5B5B52D}
		{1FAC0DAC-401C-439C-B320-C965E25BAB1F} = {EEF3FCEE-C467-4C79-A8DC-A1939D90B008}
		{9F06CCBC-31A1-4051-967F-DA962E8E88A8} = {0B7EC451-0C11-412B-B1B6-DA06704109FF}
		{20BC30B5-95BB-4A5C-86F9-1F31A191344F} = {EEF3FCEE-C467-4C79-A8DC-A1939D90B008}
		{08A80AE1-5BC7-45E3-AF91-E1DCB5C2DBA0} = {6B858175-8E2C-414F-9334-18CB80C880C3}
	EndGlobalSection
	GlobalSection(ExtensibilityGlobals) = postSolution
		SolutionGuid = {1C66CE8C-F4E1-46A9-8B58-F293358C569B}
	EndGlobalSection
EndGlobal
